
Microsoft Visual Studio Solution File, Format Version 12.00
# Visual Studio Version 16
VisualStudioVersion = 16.0.30204.135
MinimumVisualStudioVersion = 10.0.40219.1
Project("{F184B08F-C81C-45F6-A57F-5ABD9991F28F}") = "WinNUT-client", "WInNUT_GUI\WinNUT-client.vbproj", "{194AB29D-1F80-497B-86BE-4F35DACBA6BC}"
EndProject
Project("{54435603-DBB4-11D2-8724-00A0C9A8B90C}") = "WinNUT-Setup", "Setup\Setup.vdproj", "{FAFFBA8B-E9DB-419E-9669-999E8EFEFCB5}"
EndProject
Project("{FAE04EC0-301F-11D3-BF4B-00C04F79EFBC}") = "AGauge", "AGauge_mod\AGauge.csproj", "{CBDB1D25-5A95-43D4-A958-BF6AE65C6C3F}"
EndProject
Project("{2150E333-8FDC-42A3-9474-1A3956D46DE8}") = "Solution Items", "Solution Items", "{5DD84426-132B-4C1F-9618-93535F5E8261}"
EndProject
Global
	GlobalSection(SolutionConfigurationPlatforms) = preSolution
		Debug|Any CPU = Debug|Any CPU
		Debug|ARM = Debug|ARM
		Debug|ARM64 = Debug|ARM64
		Debug|x64 = Debug|x64
		Debug|x86 = Debug|x86
		Release|Any CPU = Release|Any CPU
		Release|ARM = Release|ARM
		Release|ARM64 = Release|ARM64
		Release|x64 = Release|x64
		Release|x86 = Release|x86
	EndGlobalSection
	GlobalSection(ProjectConfigurationPlatforms) = postSolution
		{194AB29D-1F80-497B-86BE-4F35DACBA6BC}.Debug|Any CPU.ActiveCfg = Debug|Any CPU
		{194AB29D-1F80-497B-86BE-4F35DACBA6BC}.Debug|Any CPU.Build.0 = Debug|Any CPU
		{194AB29D-1F80-497B-86BE-4F35DACBA6BC}.Debug|ARM.ActiveCfg = Debug|Any CPU
		{194AB29D-1F80-497B-86BE-4F35DACBA6BC}.Debug|ARM.Build.0 = Debug|Any CPU
		{194AB29D-1F80-497B-86BE-4F35DACBA6BC}.Debug|ARM64.ActiveCfg = Debug|Any CPU
		{194AB29D-1F80-497B-86BE-4F35DACBA6BC}.Debug|ARM64.Build.0 = Debug|Any CPU
		{194AB29D-1F80-497B-86BE-4F35DACBA6BC}.Debug|x64.ActiveCfg = Debug|Any CPU
		{194AB29D-1F80-497B-86BE-4F35DACBA6BC}.Debug|x64.Build.0 = Debug|Any CPU
		{194AB29D-1F80-497B-86BE-4F35DACBA6BC}.Debug|x86.ActiveCfg = Debug|Any CPU
		{194AB29D-1F80-497B-86BE-4F35DACBA6BC}.Debug|x86.Build.0 = Debug|Any CPU
		{194AB29D-1F80-497B-86BE-4F35DACBA6BC}.Release|Any CPU.ActiveCfg = Release|Any CPU
		{194AB29D-1F80-497B-86BE-4F35DACBA6BC}.Release|Any CPU.Build.0 = Release|Any CPU
		{194AB29D-1F80-497B-86BE-4F35DACBA6BC}.Release|ARM.ActiveCfg = Release|Any CPU
		{194AB29D-1F80-497B-86BE-4F35DACBA6BC}.Release|ARM.Build.0 = Release|Any CPU
		{194AB29D-1F80-497B-86BE-4F35DACBA6BC}.Release|ARM64.ActiveCfg = Release|Any CPU
		{194AB29D-1F80-497B-86BE-4F35DACBA6BC}.Release|ARM64.Build.0 = Release|Any CPU
		{194AB29D-1F80-497B-86BE-4F35DACBA6BC}.Release|x64.ActiveCfg = Release|Any CPU
		{194AB29D-1F80-497B-86BE-4F35DACBA6BC}.Release|x64.Build.0 = Release|Any CPU
		{194AB29D-1F80-497B-86BE-4F35DACBA6BC}.Release|x86.ActiveCfg = Release|Any CPU
		{194AB29D-1F80-497B-86BE-4F35DACBA6BC}.Release|x86.Build.0 = Release|Any CPU
		{FAFFBA8B-E9DB-419E-9669-999E8EFEFCB5}.Debug|Any CPU.ActiveCfg = Debug
		{FAFFBA8B-E9DB-419E-9669-999E8EFEFCB5}.Debug|Any CPU.Build.0 = Debug
		{FAFFBA8B-E9DB-419E-9669-999E8EFEFCB5}.Debug|ARM.ActiveCfg = Debug
		{FAFFBA8B-E9DB-419E-9669-999E8EFEFCB5}.Debug|ARM64.ActiveCfg = Debug
		{FAFFBA8B-E9DB-419E-9669-999E8EFEFCB5}.Debug|x64.ActiveCfg = Debug
		{FAFFBA8B-E9DB-419E-9669-999E8EFEFCB5}.Debug|x86.ActiveCfg = Debug
		{FAFFBA8B-E9DB-419E-9669-999E8EFEFCB5}.Release|Any CPU.ActiveCfg = Release
		{FAFFBA8B-E9DB-419E-9669-999E8EFEFCB5}.Release|Any CPU.Build.0 = Release
		{FAFFBA8B-E9DB-419E-9669-999E8EFEFCB5}.Release|ARM.ActiveCfg = Release
		{FAFFBA8B-E9DB-419E-9669-999E8EFEFCB5}.Release|ARM64.ActiveCfg = Release
		{FAFFBA8B-E9DB-419E-9669-999E8EFEFCB5}.Release|x64.ActiveCfg = Release
		{FAFFBA8B-E9DB-419E-9669-999E8EFEFCB5}.Release|x64.Build.0 = Release
		{FAFFBA8B-E9DB-419E-9669-999E8EFEFCB5}.Release|x86.ActiveCfg = Release
		{FAFFBA8B-E9DB-419E-9669-999E8EFEFCB5}.Release|x86.Build.0 = Release
		{CBDB1D25-5A95-43D4-A958-BF6AE65C6C3F}.Debug|Any CPU.ActiveCfg = Debug|Any CPU
		{CBDB1D25-5A95-43D4-A958-BF6AE65C6C3F}.Debug|Any CPU.Build.0 = Debug|Any CPU
		{CBDB1D25-5A95-43D4-A958-BF6AE65C6C3F}.Debug|ARM.ActiveCfg = Debug|Any CPU
		{CBDB1D25-5A95-43D4-A958-BF6AE65C6C3F}.Debug|ARM.Build.0 = Debug|Any CPU
		{CBDB1D25-5A95-43D4-A958-BF6AE65C6C3F}.Debug|ARM64.ActiveCfg = Debug|Any CPU
		{CBDB1D25-5A95-43D4-A958-BF6AE65C6C3F}.Debug|ARM64.Build.0 = Debug|Any CPU
		{CBDB1D25-5A95-43D4-A958-BF6AE65C6C3F}.Debug|x64.ActiveCfg = Debug|Any CPU
		{CBDB1D25-5A95-43D4-A958-BF6AE65C6C3F}.Debug|x64.Build.0 = Debug|Any CPU
		{CBDB1D25-5A95-43D4-A958-BF6AE65C6C3F}.Debug|x86.ActiveCfg = Debug|Any CPU
		{CBDB1D25-5A95-43D4-A958-BF6AE65C6C3F}.Debug|x86.Build.0 = Debug|Any CPU
		{CBDB1D25-5A95-43D4-A958-BF6AE65C6C3F}.Release|Any CPU.ActiveCfg = Release|Any CPU
		{CBDB1D25-5A95-43D4-A958-BF6AE65C6C3F}.Release|Any CPU.Build.0 = Release|Any CPU
		{CBDB1D25-5A95-43D4-A958-BF6AE65C6C3F}.Release|ARM.ActiveCfg = Release|Any CPU
		{CBDB1D25-5A95-43D4-A958-BF6AE65C6C3F}.Release|ARM.Build.0 = Release|Any CPU
		{CBDB1D25-5A95-43D4-A958-BF6AE65C6C3F}.Release|ARM64.ActiveCfg = Release|Any CPU
		{CBDB1D25-5A95-43D4-A958-BF6AE65C6C3F}.Release|ARM64.Build.0 = Release|Any CPU
		{CBDB1D25-5A95-43D4-A958-BF6AE65C6C3F}.Release|x64.ActiveCfg = Release|Any CPU
		{CBDB1D25-5A95-43D4-A958-BF6AE65C6C3F}.Release|x64.Build.0 = Release|Any CPU
		{CBDB1D25-5A95-43D4-A958-BF6AE65C6C3F}.Release|x86.ActiveCfg = Release|Any CPU
		{CBDB1D25-5A95-43D4-A958-BF6AE65C6C3F}.Release|x86.Build.0 = Release|Any CPU
	EndGlobalSection
	GlobalSection(SolutionProperties) = preSolution
		HideSolutionNode = FALSE
	EndGlobalSection
	GlobalSection(ExtensibilityGlobals) = postSolution
		SolutionGuid = {67D03C8E-4204-40C3-BB9A-57E7F542C832}
	EndGlobalSection
EndGlobal
